# This file is automatically @generated by Cargo.
# It is not intended for manual editing.
[[package]]
name = "dbus"
version = "0.8.2"
source = "registry+https://github.com/rust-lang/crates.io-index"
checksum = "38f8875bb7afbc20dec12db09e18af3dcbd672b08592d2932950326a6437c616"
dependencies = [
 "libc",
 "libdbus-sys",
]

[[package]]
name = "libc"
version = "0.2.68"
source = "registry+https://github.com/rust-lang/crates.io-index"
checksum = "dea0c0405123bba743ee3f91f49b1c7cfb684eef0da0a50110f758ccf24cdff0"

[[package]]
name = "libdbus-sys"
version = "0.2.1"
source = "registry+https://github.com/rust-lang/crates.io-index"
checksum = "dc12a3bc971424edbbf7edaf6e5740483444db63aa8e23d3751ff12a30f306f0"
dependencies = [
 "pkg-config",
]

[[package]]
name = "pkg-config"
version = "0.3.17"
source = "registry+https://github.com/rust-lang/crates.io-index"
checksum = "05da548ad6865900e60eaba7f589cc0783590a92e940c26953ff81ddbab2d677"

[[package]]
name = "poweralertd"
version = "0.1.0"
dependencies = [
 "dbus",
]
